
Microsoft Visual Studio Solution File, Format Version 12.00
# Visual Studio Version 17
VisualStudioVersion = 17.1.32228.430
MinimumVisualStudioVersion = 10.0.40219.1
Project("{FAE04EC0-301F-11D3-BF4B-00C04F79EFBC}") = "TDDCSharpExercises", "TDDCSharpExercises.csproj", "{2F006B2E-35FF-45E1-9F99-3C83FBCC249F}"
EndProject
Project("{FAE04EC0-301F-11D3-BF4B-00C04F79EFBC}") = "TDDCSharpExercisesTests", "..\TDDCSharpExercisesTests\TDDCSharpExercisesTests.csproj", "{AB50F872-169B-4F6D-8FC3-EB83F302FA5C}"
EndProject
Global
	GlobalSection(SolutionConfigurationPlatforms) = preSolution
		Debug|Any CPU = Debug|Any CPU
		Release|Any CPU = Release|Any CPU
	EndGlobalSection
	GlobalSection(ProjectConfigurationPlatforms) = postSolution
		{2F006B2E-35FF-45E1-9F99-3C83FBCC249F}.Debug|Any CPU.ActiveCfg = Debug|Any CPU
		{2F006B2E-35FF-45E1-9F99-3C83FBCC249F}.Debug|Any CPU.Build.0 = Debug|Any CPU
		{2F006B2E-35FF-45E1-9F99-3C83FBCC249F}.Release|Any CPU.ActiveCfg = Release|Any CPU
		{2F006B2E-35FF-45E1-9F99-3C83FBCC249F}.Release|Any CPU.Build.0 = Release|Any CPU
		{AB50F872-169B-4F6D-8FC3-EB83F302FA5C}.Debug|Any CPU.ActiveCfg = Debug|Any CPU
		{AB50F872-169B-4F6D-8FC3-EB83F302FA5C}.Debug|Any CPU.Build.0 = Debug|Any CPU
		{AB50F872-169B-4F6D-8FC3-EB83F302FA5C}.Release|Any CPU.ActiveCfg = Release|Any CPU
		{AB50F872-169B-4F6D-8FC3-EB83F302FA5C}.Release|Any CPU.Build.0 = Release|Any CPU
	EndGlobalSection
	GlobalSection(SolutionProperties) = preSolution
		HideSolutionNode = FALSE
	EndGlobalSection
	GlobalSection(ExtensibilityGlobals) = postSolution
		SolutionGuid = {9CAF55D9-2A79-4935-8F0E-82262B0DBFD2}
	EndGlobalSection
EndGlobal
